{
    "_readme": [
        "This file locks the dependencies of your project to a known state",
        "Read more about it at https://getcomposer.org/doc/01-basic-usage.md#installing-dependencies",
        "This file is @generated automatically"
    ],
    "content-hash": "56900a449233a878eccde3f434d01655",
    "packages": [
        {
            "name": "symfony/workflow",
            "version": "v7.0.3",
            "source": {
                "type": "git",
                "url": "https://github.com/symfony/workflow.git",
                "reference": "e62e4241f93aa34f2da4497817f71c7c0d6c64b9"
            },
            "dist": {
                "type": "zip",
                "url": "https://api.github.com/repos/symfony/workflow/zipball/e62e4241f93aa34f2da4497817f71c7c0d6c64b9",
                "reference": "e62e4241f93aa34f2da4497817f71c7c0d6c64b9",
                "shasum": ""
            },
            "require": {
                "php": ">=8.2"
            },
            "conflict": {
                "symfony/event-dispatcher": "<6.4"
            },
            "require-dev": {
                "psr/log": "^1|^2|^3",
                "symfony/dependency-injection": "^6.4|^7.0",
                "symfony/error-handler": "^6.4|^7.0",
                "symfony/event-dispatcher": "^6.4|^7.0",
                "symfony/expression-language": "^6.4|^7.0",
                "symfony/http-kernel": "^6.4|^7.0",
                "symfony/security-core": "^6.4|^7.0",
                "symfony/stopwatch": "^6.4|^7.0",
                "symfony/validator": "^6.4|^7.0"
            },
            "type": "library",
            "autoload": {
                "psr-4": {
                    "Symfony\\Component\\Workflow\\": ""
                },
                "exclude-from-classmap": [
                    "/Tests/"
                ]
            },
            "notification-url": "https://packagist.org/downloads/",
            "license": [
                "MIT"
            ],
            "authors": [
                {
                    "name": "Fabien Potencier",
                    "email": "fabien@symfony.com"
                },
                {
                    "name": "Grégoire Pineau",
                    "email": "lyrixx@lyrixx.info"
                },
                {
                    "name": "Symfony Community",
                    "homepage": "https://symfony.com/contributors"
                }
            ],
            "description": "Provides tools for managing a workflow or finite state machine",
            "homepage": "https://symfony.com",
            "keywords": [
                "petrinet",
                "place",
                "state",
                "statemachine",
                "transition",
                "workflow"
            ],
            "support": {
                "source": "https://github.com/symfony/workflow/tree/v7.0.3"
            },
            "funding": [
                {
                    "url": "https://symfony.com/sponsor",
                    "type": "custom"
                },
                {
                    "url": "https://github.com/fabpot",
                    "type": "github"
                },
                {
                    "url": "https://tidelift.com/funding/github/packagist/symfony/symfony",
                    "type": "tidelift"
                }
            ],
            "time": "2024-01-23T15:02:46+00:00"
        }
    ],
    "packages-dev": [],
    "aliases": [],
    "minimum-stability": "stable",
    "stability-flags": [],
    "prefer-stable": false,
    "prefer-lowest": false,
    "platform": [],
    "platform-dev": [],
    "plugin-api-version": "2.6.0"
}
